// !$*UTF8*$!
{
	archiveVersion = 1;
	classes = {
	};
	objectVersion = 46;
	objects = {

/* Begin PBXBuildFile section */
		0F2DF51F338AC11400000000 /* FirstManager.swift in Kumon */ = {isa = PBXBuildFile; fileRef = 4A0840C5338AC11400000000 /* FirstManager.swift */; };
/* End PBXBuildFile section */

/* Begin PBXContainerItemProxy section */
		E3CD71609F041C5300000000 /* PBXContainerItemProxy */ = {
			isa = PBXContainerItemProxy;
			containerPortal = 9124C2624BD17A1600000000 /* Project object */;
			proxyType = 1;
			remoteGlobalIDString = 9DADCAAA9F041C5200000000;
		};
/* End PBXContainerItemProxy section */

/* Begin PBXFileReference section */
		4A0840C5338AC11400000000 /* FirstManager.swift */ = {isa = PBXFileReference; lastKnownFileType = sourcecode.swift; name = FirstManager.swift; path = Kumon/FirstManager.swift; sourceTree = "<group>"; };
		4A0840C54843DEBF00000000 /* BUILD */ = {isa = PBXFileReference; lastKnownFileType = text; name = BUILD; path = Kumon/BUILD; sourceTree = "<group>"; };
		4A0840C564FD86D400000000 /* _idx_Kumon_9BF6C4FA_ios_min10.0.framework */ = {isa = PBXFileReference; explicitFileType = wrapper.framework; name = _idx_Kumon_9BF6C4FA_ios_min10.0.framework; path = _idx_Kumon_9BF6C4FA_ios_min10.0.framework; sourceTree = BUILT_PRODUCTS_DIR; };
		4A0840C5A6AE9A2400000000 /* libKumon.a */ = {isa = PBXFileReference; explicitFileType = archive.ar; name = libKumon.a; path = libKumon.a; sourceTree = BUILT_PRODUCTS_DIR; };
/* End PBXFileReference section */

/* Begin PBXGroup section */
		41EBE2B90447013A00000000 /* Kumon */ = {
			isa = PBXGroup;
			children = (
				4A0840C54843DEBF00000000 /* BUILD */,
				4A0840C5338AC11400000000 /* FirstManager.swift */,
			);
			name = Kumon;
			sourceTree = "<group>";
		};
		41EBE2B92930DD0900000000 /* Products */ = {
			isa = PBXGroup;
			children = (
				41EBE2B92F65C91F00000000 /* Indexer */,
				4A0840C5A6AE9A2400000000 /* libKumon.a */,
			);
			name = Products;
			sourceTree = "<group>";
		};
		41EBE2B92F65C91F00000000 /* Indexer */ = {
			isa = PBXGroup;
			children = (
				4A0840C564FD86D400000000 /* _idx_Kumon_9BF6C4FA_ios_min10.0.framework */,
			);
			name = Indexer;
			sourceTree = "<group>";
		};
		41EBE2B9A0EFAC2000000000 /* mainGroup */ = {
			isa = PBXGroup;
			children = (
				41EBE2B90447013A00000000 /* Kumon */,
				41EBE2B92930DD0900000000 /* Products */,
			);
			name = mainGroup;
			path = ..;
			sourceTree = SOURCE_ROOT;
		};
/* End PBXGroup section */

/* Begin PBXLegacyTarget section */
		9DADCAAA9F041C5200000000 /* _bazel_clean_ */ = {
			isa = PBXLegacyTarget;
			buildArgumentsString = "\"/usr/local/bin/bazel\" \"bazel-bin\"";
			buildConfigurationList = 98491D7125224A0600000000 /* Build configuration list for PBXLegacyTarget "_bazel_clean_" */;
			buildPhases = (
			);
			buildToolPath = "${PROJECT_FILE_PATH}/.tulsi/Scripts/bazel_clean.sh";
			buildWorkingDirectory = "${SRCROOT}/..";
			dependencies = (
			);
			name = _bazel_clean_;
			passBuildSettingsInEnvironment = 1;
			productName = _bazel_clean_;
		};
/* End PBXLegacyTarget section */

/* Begin PBXNativeTarget section */
		5F30888E088E027400000000 /* Kumon */ = {
			isa = PBXNativeTarget;
			buildConfigurationList = 98491D71B0594F5C00000000 /* Build configuration list for PBXNativeTarget "Kumon" */;
			buildPhases = (
				80CFAEA1775C4A5800000000 /* ShellScript */,
			);
			buildRules = (
			);
			dependencies = (
				BA6CCF619F041C5300000000 /* PBXTargetDependency */,
			);
			name = Kumon;
			productName = Kumon;
			productReference = 4A0840C5A6AE9A2400000000 /* libKumon.a */;
			productType = "com.apple.product-type.library.static";
		};
		5F30888E960EDC4200000000 /* _idx_Kumon_9BF6C4FA_ios_min10.0 */ = {
			isa = PBXNativeTarget;
			buildConfigurationList = 98491D71D0C0A22000000000 /* Build configuration list for PBXNativeTarget "_idx_Kumon_9BF6C4FA_ios_min10.0" */;
			buildPhases = (
				89D36D260000000000000000 /* Sources */,
			);
			buildRules = (
			);
			dependencies = (
				BA6CCF619F041C5300000000 /* PBXTargetDependency */,
			);
			name = _idx_Kumon_9BF6C4FA_ios_min10.0;
			productName = _idx_Kumon_9BF6C4FA_ios_min10.0;
			productReference = 4A0840C564FD86D400000000 /* _idx_Kumon_9BF6C4FA_ios_min10.0.framework */;
			productType = "com.apple.product-type.framework";
		};
/* End PBXNativeTarget section */

/* Begin PBXProject section */
		9124C2624BD17A1600000000 /* Project object */ = {
			isa = PBXProject;
			attributes = {
				LastSwiftUpdateCheck = 0710;
				LastUpgradeCheck = 1000;
			};
			buildConfigurationList = 98491D71137C3A0C00000000 /* Build configuration list for PBXProject "DummyTulsi" */;
			compatibilityVersion = "Xcode 3.2";
			developmentRegion = English;
			hasScannedForEncodings = 0;
			knownRegions = (
				en,
			);
			mainGroup = 41EBE2B9A0EFAC2000000000 /* mainGroup */;
			targets = (
				5F30888E088E027400000000 /* Kumon */,
				9DADCAAA9F041C5200000000 /* _bazel_clean_ */,
				5F30888E960EDC4200000000 /* _idx_Kumon_9BF6C4FA_ios_min10.0 */,
			);
		};
/* End PBXProject section */

/* Begin PBXShellScriptBuildPhase section */
		80CFAEA1775C4A5800000000 /* ShellScript */ = {
			isa = PBXShellScriptBuildPhase;
			buildActionMask = 0;
			files = (
			);
			inputPaths = (
				"$(TARGET_BUILD_DIR)/$(INFOPLIST_PATH)",
			);
			outputPaths = (
			);
			runOnlyForDeploymentPostprocessing = 0;
			shellPath = /bin/bash;
			shellScript = "set -e\ncd \"${SRCROOT}/..\"\nexec \"${PROJECT_FILE_PATH}/.tulsi/Scripts/bazel_build.py\" //Kumon:Kumon --bazel \"/usr/local/bin/bazel\" --bazel_bin_path \"bazel-bin\" --verbose ";
			showEnvVarsInLog = 1;
		};
/* End PBXShellScriptBuildPhase section */

/* Begin PBXSourcesBuildPhase section */
		89D36D260000000000000000 /* Sources */ = {
			isa = PBXSourcesBuildPhase;
			buildActionMask = 0;
			files = (
				0F2DF51F338AC11400000000 /* FirstManager.swift in Kumon */,
			);
			runOnlyForDeploymentPostprocessing = 0;
		};
/* End PBXSourcesBuildPhase section */

/* Begin PBXTargetDependency section */
		BA6CCF619F041C5300000000 /* PBXTargetDependency */ = {
			isa = PBXTargetDependency;
			targetProxy = E3CD71609F041C5300000000 /* PBXContainerItemProxy */;
		};
/* End PBXTargetDependency section */

/* Begin XCBuildConfiguration section */
		726F1A3C0D8FED5900000000 /* Release */ = {
			isa = XCBuildConfiguration;
			buildSettings = {
				ALWAYS_SEARCH_USER_PATHS = NO;
				CLANG_CXX_LANGUAGE_STANDARD = "gnu++17";
				CLANG_ENABLE_OBJC_ARC = YES;
				CLANG_WARN_BOOL_CONVERSION = YES;
				CLANG_WARN_CONSTANT_CONVERSION = YES;
				CLANG_WARN_EMPTY_BODY = YES;
				CLANG_WARN_ENUM_CONVERSION = YES;
				CLANG_WARN_INT_CONVERSION = YES;
				CLANG_WARN_UNREACHABLE_CODE = YES;
				CLANG_WARN__DUPLICATE_METHOD_MATCH = YES;
				CODE_SIGNING_REQUIRED = NO;
				CODE_SIGN_IDENTITY = "";
				DONT_RUN_SWIFT_STDLIB_TOOL = YES;
				ENABLE_TESTABILITY = YES;
				FRAMEWORK_SEARCH_PATHS = "$(PLATFORM_DIR)/Developer/Library/Frameworks";
				GCC_PREPROCESSOR_DEFINITIONS = "NDEBUG=1";
				GCC_WARN_64_TO_32_BIT_CONVERSION = YES;
				GCC_WARN_ABOUT_RETURN_TYPE = YES;
				GCC_WARN_UNDECLARED_SELECTOR = YES;
				GCC_WARN_UNINITIALIZED_AUTOS = YES;
				GCC_WARN_UNUSED_FUNCTION = YES;
				GCC_WARN_UNUSED_VARIABLE = YES;
				HEADER_SEARCH_PATHS = "$(TULSI_BWRS) $(TULSI_WR)/bazel-bin $(TULSI_WR)/bazel-genfiles $(TULSI_BWRS)/bazel-tulsi-includes/x/x";
				ONLY_ACTIVE_ARCH = YES;
				PYTHONIOENCODING = utf8;
				SDKROOT = iphoneos;
				SWIFT_VERSION = 5.1;
				TULSI_BWRS = "$(PROJECT_FILE_PATH)/.tulsi/tulsi-workspace";
				TULSI_PROJECT = DummyTulsi;
				TULSI_VERSION = 0.20200219.88;
				TULSI_WR = "${SRCROOT}/..";
			};
			name = Release;
		};
		726F1A3C0D8FED5900000001 /* Release */ = {
			isa = XCBuildConfiguration;
			buildSettings = {
				ASSETCATALOG_COMPILER_LAUNCHIMAGE_NAME = "Stub Launch Image";
				BAZEL_TARGET = "//Kumon:Kumon";
				DEBUG_INFORMATION_FORMAT = dwarf;
				GCC_PREPROCESSOR_DEFINITIONS = "NDEBUG=1";
				INFOPLIST_FILE = "${PROJECT_FILE_PATH}/.tulsi/Resources/StubInfoPlist.plist";
				IPHONEOS_DEPLOYMENT_TARGET = 10.0;
				PRODUCT_NAME = Kumon;
				SDKROOT = iphoneos;
				TULSI_BUILD_PATH = Kumon;
				TULSI_XCODE_VERSION = 11.3.1.11C505;
			};
			name = Release;
		};
		726F1A3C0D8FED5900000002 /* Release */ = {
			isa = XCBuildConfiguration;
			buildSettings = {
				GCC_PREPROCESSOR_DEFINITIONS = "NDEBUG=1";
				HEADER_SEARCH_PATHS = "$(inherited) $(TULSI_BWRS)/bazel-tulsi-includes/x/x/ ";
				IPHONEOS_DEPLOYMENT_TARGET = 10.0;
				OTHER_CFLAGS = "-D_FORTIFY_SOURCE=1 -D__DATE__=\"redacted\" -D__TIMESTAMP__=\"redacted\" -D__TIME__=\"redacted\"";
				PRODUCT_NAME = _idx_Kumon_9BF6C4FA_ios_min10.0;
				SDKROOT = iphoneos;
				SWIFT_INCLUDE_PATHS = "$(inherited) $(TULSI_BWRS)/bazel-tulsi-includes/x/x/Kumon";
			};
			name = Release;
		};
		726F1A3C58E0945A00000000 /* __TulsiTestRunner_Release */ = {
			isa = XCBuildConfiguration;
			buildSettings = {
				ALWAYS_SEARCH_USER_PATHS = NO;
				CLANG_CXX_LANGUAGE_STANDARD = "gnu++17";
				CLANG_ENABLE_OBJC_ARC = YES;
				CLANG_WARN_BOOL_CONVERSION = YES;
				CLANG_WARN_CONSTANT_CONVERSION = YES;
				CLANG_WARN_EMPTY_BODY = YES;
				CLANG_WARN_ENUM_CONVERSION = YES;
				CLANG_WARN_INT_CONVERSION = YES;
				CLANG_WARN_UNREACHABLE_CODE = YES;
				CLANG_WARN__DUPLICATE_METHOD_MATCH = YES;
				CODE_SIGNING_REQUIRED = NO;
				CODE_SIGN_IDENTITY = "";
				DONT_RUN_SWIFT_STDLIB_TOOL = YES;
				ENABLE_TESTABILITY = YES;
				FRAMEWORK_SEARCH_PATHS = "";
				GCC_PREPROCESSOR_DEFINITIONS = "NDEBUG=1";
				GCC_WARN_64_TO_32_BIT_CONVERSION = YES;
				GCC_WARN_ABOUT_RETURN_TYPE = YES;
				GCC_WARN_UNDECLARED_SELECTOR = YES;
				GCC_WARN_UNINITIALIZED_AUTOS = YES;
				GCC_WARN_UNUSED_FUNCTION = YES;
				GCC_WARN_UNUSED_VARIABLE = YES;
				HEADER_SEARCH_PATHS = "";
				ONLY_ACTIVE_ARCH = YES;
				OTHER_CFLAGS = "--version";
				OTHER_LDFLAGS = "--version";
				OTHER_SWIFT_FLAGS = "--version";
				PYTHONIOENCODING = utf8;
				SDKROOT = iphoneos;
				SWIFT_INSTALL_OBJC_HEADER = NO;
				SWIFT_OBJC_INTERFACE_HEADER_NAME = "$(PRODUCT_NAME).h";
				SWIFT_VERSION = 5.1;
				TULSI_BWRS = "$(PROJECT_FILE_PATH)/.tulsi/tulsi-workspace";
				TULSI_PROJECT = DummyTulsi;
				TULSI_VERSION = 0.20200219.88;
				TULSI_WR = "${SRCROOT}/..";
			};
			name = __TulsiTestRunner_Release;
		};
		726F1A3C58E0945A00000001 /* __TulsiTestRunner_Release */ = {
			isa = XCBuildConfiguration;
			buildSettings = {
				ASSETCATALOG_COMPILER_LAUNCHIMAGE_NAME = "Stub Launch Image";
				BAZEL_TARGET = "//Kumon:Kumon";
				DEBUG_INFORMATION_FORMAT = dwarf;
				FRAMEWORK_SEARCH_PATHS = "";
				GCC_PREPROCESSOR_DEFINITIONS = "NDEBUG=1";
				HEADER_SEARCH_PATHS = "";
				INFOPLIST_FILE = "${PROJECT_FILE_PATH}/.tulsi/Resources/StubInfoPlist.plist";
				IPHONEOS_DEPLOYMENT_TARGET = 10.0;
				ONLY_ACTIVE_ARCH = YES;
				OTHER_CFLAGS = "--version";
				OTHER_LDFLAGS = "--version";
				OTHER_SWIFT_FLAGS = "--version";
				PRODUCT_NAME = Kumon;
				SDKROOT = iphoneos;
				SWIFT_INSTALL_OBJC_HEADER = NO;
				SWIFT_OBJC_INTERFACE_HEADER_NAME = "$(PRODUCT_NAME).h";
				TULSI_BUILD_PATH = Kumon;
				TULSI_XCODE_VERSION = 11.3.1.11C505;
			};
			name = __TulsiTestRunner_Release;
		};
		726F1A3CC705F81800000000 /* __TulsiTestRunner_Debug */ = {
			isa = XCBuildConfiguration;
			buildSettings = {
				ALWAYS_SEARCH_USER_PATHS = NO;
				CLANG_CXX_LANGUAGE_STANDARD = "gnu++17";
				CLANG_ENABLE_OBJC_ARC = YES;
				CLANG_WARN_BOOL_CONVERSION = YES;
				CLANG_WARN_CONSTANT_CONVERSION = YES;
				CLANG_WARN_EMPTY_BODY = YES;
				CLANG_WARN_ENUM_CONVERSION = YES;
				CLANG_WARN_INT_CONVERSION = YES;
				CLANG_WARN_UNREACHABLE_CODE = YES;
				CLANG_WARN__DUPLICATE_METHOD_MATCH = YES;
				CODE_SIGNING_REQUIRED = NO;
				CODE_SIGN_IDENTITY = "";
				DONT_RUN_SWIFT_STDLIB_TOOL = YES;
				ENABLE_TESTABILITY = YES;
				FRAMEWORK_SEARCH_PATHS = "";
				GCC_PREPROCESSOR_DEFINITIONS = "DEBUG=1";
				GCC_WARN_64_TO_32_BIT_CONVERSION = YES;
				GCC_WARN_ABOUT_RETURN_TYPE = YES;
				GCC_WARN_UNDECLARED_SELECTOR = YES;
				GCC_WARN_UNINITIALIZED_AUTOS = YES;
				GCC_WARN_UNUSED_FUNCTION = YES;
				GCC_WARN_UNUSED_VARIABLE = YES;
				HEADER_SEARCH_PATHS = "";
				ONLY_ACTIVE_ARCH = YES;
				OTHER_CFLAGS = "--version";
				OTHER_LDFLAGS = "--version";
				OTHER_SWIFT_FLAGS = "--version";
				PYTHONIOENCODING = utf8;
				SDKROOT = iphoneos;
				SWIFT_INSTALL_OBJC_HEADER = NO;
				SWIFT_OBJC_INTERFACE_HEADER_NAME = "$(PRODUCT_NAME).h";
				SWIFT_VERSION = 5.1;
				TULSI_BWRS = "$(PROJECT_FILE_PATH)/.tulsi/tulsi-workspace";
				TULSI_PROJECT = DummyTulsi;
				TULSI_VERSION = 0.20200219.88;
				TULSI_WR = "${SRCROOT}/..";
			};
			name = __TulsiTestRunner_Debug;
		};
		726F1A3CC705F81800000001 /* __TulsiTestRunner_Debug */ = {
			isa = XCBuildConfiguration;
			buildSettings = {
				ASSETCATALOG_COMPILER_LAUNCHIMAGE_NAME = "Stub Launch Image";
				BAZEL_TARGET = "//Kumon:Kumon";
				DEBUG_INFORMATION_FORMAT = dwarf;
				FRAMEWORK_SEARCH_PATHS = "";
				GCC_PREPROCESSOR_DEFINITIONS = "DEBUG=1";
				HEADER_SEARCH_PATHS = "";
				INFOPLIST_FILE = "${PROJECT_FILE_PATH}/.tulsi/Resources/StubInfoPlist.plist";
				IPHONEOS_DEPLOYMENT_TARGET = 10.0;
				ONLY_ACTIVE_ARCH = YES;
				OTHER_CFLAGS = "--version";
				OTHER_LDFLAGS = "--version";
				OTHER_SWIFT_FLAGS = "--version";
				PRODUCT_NAME = Kumon;
				SDKROOT = iphoneos;
				SWIFT_INSTALL_OBJC_HEADER = NO;
				SWIFT_OBJC_INTERFACE_HEADER_NAME = "$(PRODUCT_NAME).h";
				TULSI_BUILD_PATH = Kumon;
				TULSI_XCODE_VERSION = 11.3.1.11C505;
			};
			name = __TulsiTestRunner_Debug;
		};
		726F1A3CE8F54D0800000000 /* Debug */ = {
			isa = XCBuildConfiguration;
			buildSettings = {
				ALWAYS_SEARCH_USER_PATHS = NO;
				CLANG_CXX_LANGUAGE_STANDARD = "gnu++17";
				CLANG_ENABLE_OBJC_ARC = YES;
				CLANG_WARN_BOOL_CONVERSION = YES;
				CLANG_WARN_CONSTANT_CONVERSION = YES;
				CLANG_WARN_EMPTY_BODY = YES;
				CLANG_WARN_ENUM_CONVERSION = YES;
				CLANG_WARN_INT_CONVERSION = YES;
				CLANG_WARN_UNREACHABLE_CODE = YES;
				CLANG_WARN__DUPLICATE_METHOD_MATCH = YES;
				CODE_SIGNING_REQUIRED = NO;
				CODE_SIGN_IDENTITY = "";
				DONT_RUN_SWIFT_STDLIB_TOOL = YES;
				ENABLE_TESTABILITY = YES;
				FRAMEWORK_SEARCH_PATHS = "$(PLATFORM_DIR)/Developer/Library/Frameworks";
				GCC_PREPROCESSOR_DEFINITIONS = "DEBUG=1";
				GCC_WARN_64_TO_32_BIT_CONVERSION = YES;
				GCC_WARN_ABOUT_RETURN_TYPE = YES;
				GCC_WARN_UNDECLARED_SELECTOR = YES;
				GCC_WARN_UNINITIALIZED_AUTOS = YES;
				GCC_WARN_UNUSED_FUNCTION = YES;
				GCC_WARN_UNUSED_VARIABLE = YES;
				HEADER_SEARCH_PATHS = "$(TULSI_BWRS) $(TULSI_WR)/bazel-bin $(TULSI_WR)/bazel-genfiles $(TULSI_BWRS)/bazel-tulsi-includes/x/x";
				ONLY_ACTIVE_ARCH = YES;
				PYTHONIOENCODING = utf8;
				SDKROOT = iphoneos;
				SWIFT_VERSION = 5.1;
				TULSI_BWRS = "$(PROJECT_FILE_PATH)/.tulsi/tulsi-workspace";
				TULSI_PROJECT = DummyTulsi;
				TULSI_VERSION = 0.20200219.88;
				TULSI_WR = "${SRCROOT}/..";
			};
			name = Debug;
		};
		726F1A3CE8F54D0800000001 /* Debug */ = {
			isa = XCBuildConfiguration;
			buildSettings = {
				ASSETCATALOG_COMPILER_LAUNCHIMAGE_NAME = "Stub Launch Image";
				BAZEL_TARGET = "//Kumon:Kumon";
				DEBUG_INFORMATION_FORMAT = dwarf;
				GCC_PREPROCESSOR_DEFINITIONS = "DEBUG=1";
				INFOPLIST_FILE = "${PROJECT_FILE_PATH}/.tulsi/Resources/StubInfoPlist.plist";
				IPHONEOS_DEPLOYMENT_TARGET = 10.0;
				PRODUCT_NAME = Kumon;
				SDKROOT = iphoneos;
				TULSI_BUILD_PATH = Kumon;
				TULSI_XCODE_VERSION = 11.3.1.11C505;
			};
			name = Debug;
		};
		726F1A3CE8F54D0800000002 /* Debug */ = {
			isa = XCBuildConfiguration;
			buildSettings = {
				GCC_PREPROCESSOR_DEFINITIONS = "DEBUG=1";
				HEADER_SEARCH_PATHS = "$(inherited) $(TULSI_BWRS)/bazel-tulsi-includes/x/x/ ";
				IPHONEOS_DEPLOYMENT_TARGET = 10.0;
				OTHER_CFLAGS = "-D_FORTIFY_SOURCE=1 -D__DATE__=\"redacted\" -D__TIMESTAMP__=\"redacted\" -D__TIME__=\"redacted\"";
				PRODUCT_NAME = _idx_Kumon_9BF6C4FA_ios_min10.0;
				SDKROOT = iphoneos;
				SWIFT_INCLUDE_PATHS = "$(inherited) $(TULSI_BWRS)/bazel-tulsi-includes/x/x/Kumon";
			};
			name = Debug;
		};
/* End XCBuildConfiguration section */

/* Begin XCConfigurationList section */
		98491D71137C3A0C00000000 /* Build configuration list for PBXProject "DummyTulsi" */ = {
			isa = XCConfigurationList;
			buildConfigurations = (
				726F1A3CE8F54D0800000000 /* Debug */,
				726F1A3C0D8FED5900000000 /* Release */,
				726F1A3CC705F81800000000 /* __TulsiTestRunner_Debug */,
				726F1A3C58E0945A00000000 /* __TulsiTestRunner_Release */,
			);
			defaultConfigurationIsVisible = 0;
		};
		98491D7125224A0600000000 /* Build configuration list for PBXLegacyTarget "_bazel_clean_" */ = {
			isa = XCConfigurationList;
			buildConfigurations = (
			);
			defaultConfigurationIsVisible = 0;
		};
		98491D71B0594F5C00000000 /* Build configuration list for PBXNativeTarget "Kumon" */ = {
			isa = XCConfigurationList;
			buildConfigurations = (
				726F1A3CE8F54D0800000001 /* Debug */,
				726F1A3C0D8FED5900000001 /* Release */,
				726F1A3CC705F81800000001 /* __TulsiTestRunner_Debug */,
				726F1A3C58E0945A00000001 /* __TulsiTestRunner_Release */,
			);
			defaultConfigurationIsVisible = 0;
		};
		98491D71D0C0A22000000000 /* Build configuration list for PBXNativeTarget "_idx_Kumon_9BF6C4FA_ios_min10.0" */ = {
			isa = XCConfigurationList;
			buildConfigurations = (
				726F1A3CE8F54D0800000002 /* Debug */,
				726F1A3C0D8FED5900000002 /* Release */,
			);
			defaultConfigurationIsVisible = 0;
		};
/* End XCConfigurationList section */
	};
	rootObject = 9124C2624BD17A1600000000 /* Project object */;
}