
<Scheme LastUpgradeVersion="1000" version="1.3">
    <BuildAction parallelizeBuildables="YES" buildImplicitDependencies="YES">
        <BuildActionEntries>
            <BuildActionEntry buildForArchiving="YES" buildForProfiling="YES" buildForTesting="YES" buildForAnalyzing="YES" buildForRunning="YES">
                <BuildableReference BuildableIdentifier="primary" BuildableName="libAppMainLib.a" BlueprintIdentifier="1C0BA11E00AF762A00000000" BlueprintName="AppMainLib" ReferencedContainer="container:DummyApp.xcodeproj"></BuildableReference>
            </BuildActionEntry>
        </BuildActionEntries>
    </BuildAction>
    <TestAction shouldUseLaunchSchemeArgsEnv="YES" buildConfiguration="__TulsiTestRunner_Debug" selectedDebuggerIdentifier="Xcode.DebuggerFoundation.Debugger.LLDB" selectedLauncherIdentifier="Xcode.DebuggerFoundation.Launcher.LLDB">
        <Testables></Testables>
        <BuildableProductRunnable runnableDebuggingMode="0">
            <BuildableReference ReferencedContainer="container:DummyApp.xcodeproj" BuildableIdentifier="primary" BlueprintIdentifier="1C0BA11E00AF762A00000000" BuildableName="libAppMainLib.a" BlueprintName="AppMainLib"></BuildableReference>
        </BuildableProductRunnable>
    </TestAction>
    <LaunchAction debugServiceExtension="internal" buildConfiguration="Debug" launchStyle="0" allowLocationSimulation="YES" ignoresPersistentStateOnLaunch="NO" debugDocumentVersioning="YES" selectedDebuggerIdentifier="Xcode.DebuggerFoundation.Debugger.LLDB" useCustomWorkingDirectory="NO" selectedLauncherIdentifier="Xcode.DebuggerFoundation.Launcher.LLDB">
        <EnvironmentVariables></EnvironmentVariables>
        <MacroExpansion>
            <BuildableReference ReferencedContainer="container:DummyApp.xcodeproj" BuildableIdentifier="primary" BuildableName="libAppMainLib.a" BlueprintIdentifier="1C0BA11E00AF762A00000000" BlueprintName="AppMainLib"></BuildableReference>
        </MacroExpansion>
    </LaunchAction>
    <ProfileAction buildConfiguration="__TulsiTestRunner_Release" shouldUseLaunchSchemeArgsEnv="YES" useCustomWorkingDirectory="NO" debugDocumentVersioning="YES">
        <MacroExpansion>
            <BuildableReference BuildableIdentifier="primary" BlueprintIdentifier="1C0BA11E00AF762A00000000" BlueprintName="AppMainLib" BuildableName="libAppMainLib.a" ReferencedContainer="container:DummyApp.xcodeproj"></BuildableReference>
        </MacroExpansion>
    </ProfileAction>
    <AnalyzeAction buildConfiguration="Debug"></AnalyzeAction>
    <ArchiveAction buildConfiguration="Release" revealArchiveInOrganizer="YES"></ArchiveAction>
</Scheme>