// !$*UTF8*$!
{
	archiveVersion = 1;
	classes = {
	};
	objectVersion = 46;
	objects = {

/* Begin PBXBuildFile section */
		501909812480FC4800150223 /* ViewController.swift in Sources */ = {isa = PBXBuildFile; fileRef = BDA576C9915DDFF600000000 /* ViewController.swift */; };
		D59ECD1765FECBC600000000 /* ViewController2.swift in Sources */ = {isa = PBXBuildFile; fileRef = BDA576C965FECBC600000000 /* ViewController2.swift */; };
		D59ECD176CA4410E00000000 /* AppDelegate.swift in Sources */ = {isa = PBXBuildFile; fileRef = BDA576C96CA4410E00000000 /* AppDelegate.swift */; };
/* End PBXBuildFile section */

/* Begin PBXContainerItemProxy section */
		C63A781298BBA5EB00000000 /* PBXContainerItemProxy */ = {
			isa = PBXContainerItemProxy;
			containerPortal = 7C01ADDBEC8E928C00000000 /* Project object */;
			proxyType = 1;
			remoteGlobalIDString = 0182E74998BBA5EA00000000;
		};
/* End PBXContainerItemProxy section */

/* Begin PBXFileReference section */
		BDA576C90BE3CFF600000000 /* libAppMainLib.a */ = {isa = PBXFileReference; explicitFileType = archive.ar; path = libAppMainLib.a; sourceTree = BUILT_PRODUCTS_DIR; };
		BDA576C90FA1CC8C00000000 /* Base */ = {isa = PBXFileReference; lastKnownFileType = text; name = Base; path = DummyProject/Base.lproj/Main.storyboard; sourceTree = "<group>"; };
		BDA576C91409171400000000 /* _idx_AppMainLib_B5E1E896_ios_min10.0.framework */ = {isa = PBXFileReference; explicitFileType = wrapper.framework; path = _idx_AppMainLib_B5E1E896_ios_min10.0.framework; sourceTree = BUILT_PRODUCTS_DIR; };
		BDA576C941CE8C1E00000000 /* Info.plist */ = {isa = PBXFileReference; lastKnownFileType = text.plist; name = Info.plist; path = DummyProject/Info.plist; sourceTree = "<group>"; };
		BDA576C965FECBC600000000 /* ViewController2.swift */ = {isa = PBXFileReference; lastKnownFileType = sourcecode.swift; name = ViewController2.swift; path = DummyProject/ViewController2.swift; sourceTree = "<group>"; };
		BDA576C96C12F0BE00000000 /* Info.plist */ = {isa = PBXFileReference; explicitFileType = text.plist; name = Info.plist; path = "tulsi-workspace/bazel-tulsi-includes/x/x/DummyProject/DummyProject-intermediates/Info.plist"; sourceTree = "<group>"; };
		BDA576C96CA4410E00000000 /* AppDelegate.swift */ = {isa = PBXFileReference; lastKnownFileType = sourcecode.swift; name = AppDelegate.swift; path = DummyProject/AppDelegate.swift; sourceTree = "<group>"; };
		BDA576C9915DDFF600000000 /* ViewController.swift */ = {isa = PBXFileReference; lastKnownFileType = sourcecode.swift; name = ViewController.swift; path = DummyProject/ViewController.swift; sourceTree = "<group>"; };
		BDA576C9B7B1496000000000 /* Base */ = {isa = PBXFileReference; lastKnownFileType = text; name = Base; path = DummyProject/Base.lproj/LaunchScreen.storyboard; sourceTree = "<group>"; };
		BDA576C9E1B45C8200000000 /* DummyProject.app */ = {isa = PBXFileReference; explicitFileType = wrapper.application; path = DummyProject.app; sourceTree = BUILT_PRODUCTS_DIR; };
		BDA576C9FFE38B6A00000000 /* BUILD */ = {isa = PBXFileReference; lastKnownFileType = text; name = BUILD; path = DummyProject/BUILD; sourceTree = "<group>"; };
/* End PBXFileReference section */

/* Begin PBXGroup section */
		EFB6736134AF316200000000 /* mainGroup */ = {
			isa = PBXGroup;
			children = (
				EFB673616750723900000000 /* DummyProject */,
				EFB67361CD58868D00000000 /* Products */,
			);
			name = mainGroup;
			path = ..;
			sourceTree = SOURCE_ROOT;
		};
		EFB67361375E503A00000000 /* bazel-tulsi-includes */ = {
			isa = PBXGroup;
			children = (
				EFB673617E980D1900000000 /* x */,
			);
			name = "bazel-tulsi-includes";
			sourceTree = "<group>";
		};
		EFB673616750723900000000 /* DummyProject */ = {
			isa = PBXGroup;
			children = (
				BDA576C96CA4410E00000000 /* AppDelegate.swift */,
				BDA576C9FFE38B6A00000000 /* BUILD */,
				BDA576C941CE8C1E00000000 /* Info.plist */,
				F2DDBDD05CB40C2000000000 /* LaunchScreen.storyboard */,
				F2DDBDD0D63E6DB100000000 /* Main.storyboard */,
				BDA576C9915DDFF600000000 /* ViewController.swift */,
				BDA576C965FECBC600000000 /* ViewController2.swift */,
			);
			name = DummyProject;
			sourceTree = "<group>";
		};
		EFB673616750723900000001 /* DummyProject */ = {
			isa = PBXGroup;
			children = (
				EFB6736198A2E6B900000000 /* DummyProject-intermediates */,
			);
			name = DummyProject;
			sourceTree = "<group>";
		};
		EFB673617E980D1900000000 /* x */ = {
			isa = PBXGroup;
			children = (
				EFB673617E980D1900000001 /* x */,
			);
			name = x;
			sourceTree = "<group>";
		};
		EFB673617E980D1900000001 /* x */ = {
			isa = PBXGroup;
			children = (
				EFB673616750723900000001 /* DummyProject */,
			);
			name = x;
			sourceTree = "<group>";
		};
		EFB6736198A2E6B900000000 /* DummyProject-intermediates */ = {
			isa = PBXGroup;
			children = (
				BDA576C96C12F0BE00000000 /* Info.plist */,
			);
			name = "DummyProject-intermediates";
			sourceTree = "<group>";
		};
		EFB673619D99AEE800000000 /* Indexer */ = {
			isa = PBXGroup;
			children = (
				BDA576C91409171400000000 /* _idx_AppMainLib_B5E1E896_ios_min10.0.framework */,
			);
			name = Indexer;
			sourceTree = "<group>";
		};
		EFB67361CD58868D00000000 /* Products */ = {
			isa = PBXGroup;
			children = (
				BDA576C9E1B45C8200000000 /* DummyProject.app */,
				EFB673619D99AEE800000000 /* Indexer */,
				EFB67361375E503A00000000 /* bazel-tulsi-includes */,
				BDA576C90BE3CFF600000000 /* libAppMainLib.a */,
			);
			name = Products;
			sourceTree = "<group>";
		};
/* End PBXGroup section */

/* Begin PBXLegacyTarget section */
		0182E74998BBA5EA00000000 /* _bazel_clean_ */ = {
			isa = PBXLegacyTarget;
			buildArgumentsString = "\"/usr/local/bin/bazel\" \"bazel-bin\"";
			buildConfigurationList = 766A5B397EAE77DF00000000 /* Build configuration list for PBXLegacyTarget "_bazel_clean_" */;
			buildPhases = (
			);
			buildToolPath = "${PROJECT_FILE_PATH}/.tulsi/Scripts/bazel_clean.sh";
			buildWorkingDirectory = "${SRCROOT}/..";
			dependencies = (
			);
			name = _bazel_clean_;
			passBuildSettingsInEnvironment = 1;
			productName = _bazel_clean_;
		};
/* End PBXLegacyTarget section */

/* Begin PBXNativeTarget section */
		DF51CA0FCEA0E47200000000 /* DummyProject */ = {
			isa = PBXNativeTarget;
			buildConfigurationList = 766A5B39B38A30E300000000 /* Build configuration list for PBXNativeTarget "DummyProject" */;
			buildPhases = (
				72ACA92EA9367B6A00000000 /* ShellScript */,
			);
			buildRules = (
			);
			dependencies = (
				2B981D8898BBA5EB00000000 /* PBXTargetDependency */,
			);
			name = DummyProject;
			productName = DummyProject;
			productReference = BDA576C9E1B45C8200000000 /* DummyProject.app */;
			productType = "com.apple.product-type.application";
		};
		DF51CA0FE0999FE400000000 /* AppMainLib */ = {
			isa = PBXNativeTarget;
			buildConfigurationList = 766A5B39D203FFF100000000 /* Build configuration list for PBXNativeTarget "AppMainLib" */;
			buildPhases = (
				72ACA92E4C31576000000000 /* ShellScript */,
			);
			buildRules = (
			);
			dependencies = (
				2B981D8898BBA5EB00000000 /* PBXTargetDependency */,
			);
			name = AppMainLib;
			productName = AppMainLib;
			productReference = BDA576C90BE3CFF600000000 /* libAppMainLib.a */;
			productType = "com.apple.product-type.library.static";
		};
		DF51CA0FFD4BFDF200000000 /* _idx_AppMainLib_B5E1E896_ios_min10.0 */ = {
			isa = PBXNativeTarget;
			buildConfigurationList = 766A5B397E09BC1200000000 /* Build configuration list for PBXNativeTarget "_idx_AppMainLib_B5E1E896_ios_min10.0" */;
			buildPhases = (
				A9B422B10000000000000000 /* Sources */,
			);
			buildRules = (
			);
			dependencies = (
				2B981D8898BBA5EB00000000 /* PBXTargetDependency */,
			);
			name = _idx_AppMainLib_B5E1E896_ios_min10.0;
			productName = _idx_AppMainLib_B5E1E896_ios_min10.0;
			productReference = BDA576C91409171400000000 /* _idx_AppMainLib_B5E1E896_ios_min10.0.framework */;
			productType = "com.apple.product-type.framework";
		};
/* End PBXNativeTarget section */

/* Begin PBXProject section */
		7C01ADDBEC8E928C00000000 /* Project object */ = {
			isa = PBXProject;
			attributes = {
				LastSwiftUpdateCheck = 0710;
				LastUpgradeCheck = 1000;
			};
			buildConfigurationList = 766A5B396004CF4500000000 /* Build configuration list for PBXProject "DummyApp" */;
			compatibilityVersion = "Xcode 3.2";
			developmentRegion = English;
			hasScannedForEncodings = 0;
			knownRegions = (
				English,
				en,
				Base,
			);
			mainGroup = EFB6736134AF316200000000 /* mainGroup */;
			projectDirPath = "";
			projectRoot = "";
			targets = (
				DF51CA0FE0999FE400000000 /* AppMainLib */,
				DF51CA0FCEA0E47200000000 /* DummyProject */,
				0182E74998BBA5EA00000000 /* _bazel_clean_ */,
				DF51CA0FFD4BFDF200000000 /* _idx_AppMainLib_B5E1E896_ios_min10.0 */,
			);
		};
/* End PBXProject section */

/* Begin PBXShellScriptBuildPhase section */
		72ACA92E4C31576000000000 /* ShellScript */ = {
			isa = PBXShellScriptBuildPhase;
			buildActionMask = 0;
			files = (
			);
			inputPaths = (
				"$(TARGET_BUILD_DIR)/$(INFOPLIST_PATH)",
			);
			outputPaths = (
			);
			runOnlyForDeploymentPostprocessing = 0;
			shellPath = /bin/bash;
			shellScript = "set -e\ncd \"${SRCROOT}/..\"\nexec \"${PROJECT_FILE_PATH}/.tulsi/Scripts/bazel_build.py\" //DummyProject:AppMainLib --bazel \"/usr/local/bin/bazel\" --bazel_bin_path \"bazel-bin\" --verbose \n";
		};
		72ACA92EA9367B6A00000000 /* ShellScript */ = {
			isa = PBXShellScriptBuildPhase;
			buildActionMask = 0;
			files = (
			);
			inputPaths = (
				"$(TARGET_BUILD_DIR)/$(INFOPLIST_PATH)",
			);
			outputPaths = (
			);
			runOnlyForDeploymentPostprocessing = 0;
			shellPath = /bin/bash;
			shellScript = "set -e\ncd \"${SRCROOT}/..\"\nexec \"${PROJECT_FILE_PATH}/.tulsi/Scripts/bazel_build.py\" //DummyProject:DummyProject --bazel \"/usr/local/bin/bazel\" --bazel_bin_path \"bazel-bin\" --verbose ";
		};
/* End PBXShellScriptBuildPhase section */

/* Begin PBXSourcesBuildPhase section */
		A9B422B10000000000000000 /* Sources */ = {
			isa = PBXSourcesBuildPhase;
			buildActionMask = 0;
			files = (
				501909812480FC4800150223 /* ViewController.swift in Sources */,
				D59ECD176CA4410E00000000 /* AppDelegate.swift in Sources */,
				D59ECD1765FECBC600000000 /* ViewController2.swift in Sources */,
			);
			runOnlyForDeploymentPostprocessing = 0;
		};
/* End PBXSourcesBuildPhase section */

/* Begin PBXTargetDependency section */
		2B981D8898BBA5EB00000000 /* PBXTargetDependency */ = {
			isa = PBXTargetDependency;
			target = 0182E74998BBA5EA00000000 /* _bazel_clean_ */;
			targetProxy = C63A781298BBA5EB00000000 /* PBXContainerItemProxy */;
		};
/* End PBXTargetDependency section */

/* Begin PBXVariantGroup section */
		F2DDBDD05CB40C2000000000 /* LaunchScreen.storyboard */ = {
			isa = PBXVariantGroup;
			children = (
				BDA576C9B7B1496000000000 /* Base */,
			);
			name = LaunchScreen.storyboard;
			sourceTree = "<group>";
		};
		F2DDBDD0D63E6DB100000000 /* Main.storyboard */ = {
			isa = PBXVariantGroup;
			children = (
				BDA576C90FA1CC8C00000000 /* Base */,
			);
			name = Main.storyboard;
			sourceTree = "<group>";
		};
/* End PBXVariantGroup section */

/* Begin XCBuildConfiguration section */
		501909782480F30100150223 /* Debug */ = {
			isa = XCBuildConfiguration;
			buildSettings = {
				COPY_PHASE_STRIP = NO;
				GCC_DYNAMIC_NO_PIC = NO;
				GCC_OPTIMIZATION_LEVEL = 0;
				PRODUCT_NAME = _bazel_clean_;
			};
			name = Debug;
		};
		501909792480F30100150223 /* Release */ = {
			isa = XCBuildConfiguration;
			buildSettings = {
				COPY_PHASE_STRIP = YES;
				DEBUG_INFORMATION_FORMAT = "dwarf-with-dsym";
				PRODUCT_NAME = _bazel_clean_;
			};
			name = Release;
		};
		5019097A2480F30100150223 /* __TulsiTestRunner_Debug */ = {
			isa = XCBuildConfiguration;
			buildSettings = {
				PRODUCT_NAME = _bazel_clean_;
			};
			name = __TulsiTestRunner_Debug;
		};
		5019097B2480F30100150223 /* __TulsiTestRunner_Release */ = {
			isa = XCBuildConfiguration;
			buildSettings = {
				PRODUCT_NAME = _bazel_clean_;
			};
			name = __TulsiTestRunner_Release;
		};
		5019097C2480F30100150223 /* __TulsiTestRunner_Debug */ = {
			isa = XCBuildConfiguration;
			buildSettings = {
				PRODUCT_NAME = _idx_AppMainLib_B5E1E896_ios_min10.0;
			};
			name = __TulsiTestRunner_Debug;
		};
		5019097D2480F30100150223 /* __TulsiTestRunner_Release */ = {
			isa = XCBuildConfiguration;
			buildSettings = {
				PRODUCT_NAME = _idx_AppMainLib_B5E1E896_ios_min10.0;
			};
			name = __TulsiTestRunner_Release;
		};
		B9AE930E5ECADCEA00000000 /* Debug */ = {
			isa = XCBuildConfiguration;
			buildSettings = {
				ALWAYS_SEARCH_USER_PATHS = NO;
				CLANG_CXX_LANGUAGE_STANDARD = "gnu++17";
				CLANG_ENABLE_OBJC_ARC = YES;
				CLANG_WARN_BOOL_CONVERSION = YES;
				CLANG_WARN_CONSTANT_CONVERSION = YES;
				CLANG_WARN_EMPTY_BODY = YES;
				CLANG_WARN_ENUM_CONVERSION = YES;
				CLANG_WARN_INT_CONVERSION = YES;
				CLANG_WARN_UNREACHABLE_CODE = YES;
				CLANG_WARN__DUPLICATE_METHOD_MATCH = YES;
				CODE_SIGNING_REQUIRED = NO;
				CODE_SIGN_IDENTITY = "";
				DONT_RUN_SWIFT_STDLIB_TOOL = YES;
				ENABLE_TESTABILITY = YES;
				FRAMEWORK_SEARCH_PATHS = "$(PLATFORM_DIR)/Developer/Library/Frameworks";
				GCC_PREPROCESSOR_DEFINITIONS = "DEBUG=1";
				GCC_WARN_64_TO_32_BIT_CONVERSION = YES;
				GCC_WARN_ABOUT_RETURN_TYPE = YES;
				GCC_WARN_UNDECLARED_SELECTOR = YES;
				GCC_WARN_UNINITIALIZED_AUTOS = YES;
				GCC_WARN_UNUSED_FUNCTION = YES;
				GCC_WARN_UNUSED_VARIABLE = YES;
				HEADER_SEARCH_PATHS = (
					"$(TULSI_BWRS)",
					"$(TULSI_WR)/bazel-bin",
					"$(TULSI_WR)/bazel-genfiles",
					"$(TULSI_BWRS)/bazel-tulsi-includes/x/x",
				);
				ONLY_ACTIVE_ARCH = YES;
				PYTHONIOENCODING = utf8;
				SDKROOT = iphoneos;
				SWIFT_VERSION = 5.1;
				TULSI_BWRS = "$(PROJECT_FILE_PATH)/.tulsi/tulsi-workspace";
				TULSI_PROJECT = DummyApp;
				TULSI_VERSION = 0.20200219.88;
				TULSI_WR = "${SRCROOT}/..";
			};
			name = Debug;
		};
		B9AE930E5ECADCEA00000001 /* Debug */ = {
			isa = XCBuildConfiguration;
			buildSettings = {
				ASSETCATALOG_COMPILER_LAUNCHIMAGE_NAME = "Stub Launch Image";
				BAZEL_TARGET = "//DummyProject:AppMainLib";
				DEBUG_INFORMATION_FORMAT = dwarf;
				GCC_PREPROCESSOR_DEFINITIONS = "DEBUG=1";
				INFOPLIST_FILE = "${PROJECT_FILE_PATH}/.tulsi/Resources/StubInfoPlist.plist";
				IPHONEOS_DEPLOYMENT_TARGET = 10.0;
				PRODUCT_NAME = AppMainLib;
				SDKROOT = iphoneos;
				TULSI_BUILD_PATH = DummyProject;
				TULSI_XCODE_VERSION = 11.3.1.11C505;
			};
			name = Debug;
		};
		B9AE930E5ECADCEA00000002 /* Debug */ = {
			isa = XCBuildConfiguration;
			buildSettings = {
				ASSETCATALOG_COMPILER_LAUNCHIMAGE_NAME = "Stub Launch Image";
				BAZEL_TARGET = "//DummyProject:DummyProject";
				DEBUG_INFORMATION_FORMAT = dwarf;
				GCC_PREPROCESSOR_DEFINITIONS = "DEBUG=1";
				INFOPLIST_FILE = "${PROJECT_FILE_PATH}/.tulsi/Resources/StubInfoPlist.plist";
				IPHONEOS_DEPLOYMENT_TARGET = 10.0;
				PRODUCT_BUNDLE_IDENTIFIER = "bang.example.ios-app";
				PRODUCT_NAME = DummyProject;
				SDKROOT = iphoneos;
				TULSI_BUILD_PATH = DummyProject;
				TULSI_XCODE_VERSION = 11.3.1.11C505;
			};
			name = Debug;
		};
		B9AE930E5ECADCEA00000003 /* Debug */ = {
			isa = XCBuildConfiguration;
			buildSettings = {
				GCC_PREPROCESSOR_DEFINITIONS = "DEBUG=1";
				HEADER_SEARCH_PATHS = (
					"$(inherited)",
					"$(TULSI_BWRS)/bazel-tulsi-includes/x/x/",
					"$(TULSI_BWRS)/bazel-tulsi-includes/x/x/Kumon/Kumon.modulemaps",
				);
				IPHONEOS_DEPLOYMENT_TARGET = 10.0;
				OTHER_CFLAGS = (
					"-D_FORTIFY_SOURCE=1",
					"-D__DATE__=\"redacted\"",
					"-D__TIMESTAMP__=\"redacted\"",
					"-D__TIME__=\"redacted\"",
				);
				OTHER_SWIFT_FLAGS = "$(inherited) -Xcc -fmodule-map-file=$(TULSI_BWRS)/bazel-tulsi-includes/x/x/Kumon/Kumon.modulemaps/module.modulemap";
				PRODUCT_NAME = _idx_AppMainLib_B5E1E896_ios_min10.0;
				SDKROOT = iphoneos;
				SWIFT_INCLUDE_PATHS = "$(inherited) $(TULSI_BWRS)/bazel-tulsi-includes/x/x/Kumon $(TULSI_BWRS)/bazel-tulsi-includes/x/x/DummyProject";
			};
			name = Debug;
		};
		B9AE930E8D57CB6B00000000 /* __TulsiTestRunner_Debug */ = {
			isa = XCBuildConfiguration;
			buildSettings = {
				ALWAYS_SEARCH_USER_PATHS = NO;
				CLANG_CXX_LANGUAGE_STANDARD = "gnu++17";
				CLANG_ENABLE_OBJC_ARC = YES;
				CLANG_WARN_BOOL_CONVERSION = YES;
				CLANG_WARN_CONSTANT_CONVERSION = YES;
				CLANG_WARN_EMPTY_BODY = YES;
				CLANG_WARN_ENUM_CONVERSION = YES;
				CLANG_WARN_INT_CONVERSION = YES;
				CLANG_WARN_UNREACHABLE_CODE = YES;
				CLANG_WARN__DUPLICATE_METHOD_MATCH = YES;
				CODE_SIGNING_REQUIRED = NO;
				CODE_SIGN_IDENTITY = "";
				DONT_RUN_SWIFT_STDLIB_TOOL = YES;
				ENABLE_TESTABILITY = YES;
				FRAMEWORK_SEARCH_PATHS = "";
				GCC_PREPROCESSOR_DEFINITIONS = "DEBUG=1";
				GCC_WARN_64_TO_32_BIT_CONVERSION = YES;
				GCC_WARN_ABOUT_RETURN_TYPE = YES;
				GCC_WARN_UNDECLARED_SELECTOR = YES;
				GCC_WARN_UNINITIALIZED_AUTOS = YES;
				GCC_WARN_UNUSED_FUNCTION = YES;
				GCC_WARN_UNUSED_VARIABLE = YES;
				HEADER_SEARCH_PATHS = "";
				ONLY_ACTIVE_ARCH = YES;
				OTHER_CFLAGS = "--version";
				OTHER_LDFLAGS = "--version";
				OTHER_SWIFT_FLAGS = "--version";
				PYTHONIOENCODING = utf8;
				SDKROOT = iphoneos;
				SWIFT_INSTALL_OBJC_HEADER = NO;
				SWIFT_OBJC_INTERFACE_HEADER_NAME = "$(PRODUCT_NAME).h";
				SWIFT_VERSION = 5.1;
				TULSI_BWRS = "$(PROJECT_FILE_PATH)/.tulsi/tulsi-workspace";
				TULSI_PROJECT = DummyApp;
				TULSI_VERSION = 0.20200219.88;
				TULSI_WR = "${SRCROOT}/..";
			};
			name = __TulsiTestRunner_Debug;
		};
		B9AE930E8D57CB6B00000001 /* __TulsiTestRunner_Debug */ = {
			isa = XCBuildConfiguration;
			buildSettings = {
				ASSETCATALOG_COMPILER_LAUNCHIMAGE_NAME = "Stub Launch Image";
				BAZEL_TARGET = "//DummyProject:AppMainLib";
				DEBUG_INFORMATION_FORMAT = dwarf;
				FRAMEWORK_SEARCH_PATHS = "";
				GCC_PREPROCESSOR_DEFINITIONS = "DEBUG=1";
				HEADER_SEARCH_PATHS = "";
				INFOPLIST_FILE = "${PROJECT_FILE_PATH}/.tulsi/Resources/StubInfoPlist.plist";
				IPHONEOS_DEPLOYMENT_TARGET = 10.0;
				ONLY_ACTIVE_ARCH = YES;
				OTHER_CFLAGS = "--version";
				OTHER_LDFLAGS = "--version";
				OTHER_SWIFT_FLAGS = "--version";
				PRODUCT_NAME = AppMainLib;
				SDKROOT = iphoneos;
				SWIFT_INSTALL_OBJC_HEADER = NO;
				SWIFT_OBJC_INTERFACE_HEADER_NAME = "$(PRODUCT_NAME).h";
				TULSI_BUILD_PATH = DummyProject;
				TULSI_XCODE_VERSION = 11.3.1.11C505;
			};
			name = __TulsiTestRunner_Debug;
		};
		B9AE930E8D57CB6B00000002 /* __TulsiTestRunner_Debug */ = {
			isa = XCBuildConfiguration;
			buildSettings = {
				ASSETCATALOG_COMPILER_LAUNCHIMAGE_NAME = "Stub Launch Image";
				BAZEL_TARGET = "//DummyProject:DummyProject";
				DEBUG_INFORMATION_FORMAT = dwarf;
				FRAMEWORK_SEARCH_PATHS = "";
				GCC_PREPROCESSOR_DEFINITIONS = "DEBUG=1";
				HEADER_SEARCH_PATHS = "";
				INFOPLIST_FILE = "${PROJECT_FILE_PATH}/.tulsi/Resources/StubInfoPlist.plist";
				IPHONEOS_DEPLOYMENT_TARGET = 10.0;
				ONLY_ACTIVE_ARCH = YES;
				OTHER_CFLAGS = "--version";
				OTHER_LDFLAGS = "--version";
				OTHER_SWIFT_FLAGS = "--version";
				PRODUCT_BUNDLE_IDENTIFIER = "bang.example.ios-app";
				PRODUCT_NAME = DummyProject;
				SDKROOT = iphoneos;
				SWIFT_INSTALL_OBJC_HEADER = NO;
				SWIFT_OBJC_INTERFACE_HEADER_NAME = "$(PRODUCT_NAME).h";
				TULSI_BUILD_PATH = DummyProject;
				TULSI_XCODE_VERSION = 11.3.1.11C505;
			};
			name = __TulsiTestRunner_Debug;
		};
		B9AE930E943BF34E00000000 /* Release */ = {
			isa = XCBuildConfiguration;
			buildSettings = {
				ALWAYS_SEARCH_USER_PATHS = NO;
				CLANG_CXX_LANGUAGE_STANDARD = "gnu++17";
				CLANG_ENABLE_OBJC_ARC = YES;
				CLANG_WARN_BOOL_CONVERSION = YES;
				CLANG_WARN_CONSTANT_CONVERSION = YES;
				CLANG_WARN_EMPTY_BODY = YES;
				CLANG_WARN_ENUM_CONVERSION = YES;
				CLANG_WARN_INT_CONVERSION = YES;
				CLANG_WARN_UNREACHABLE_CODE = YES;
				CLANG_WARN__DUPLICATE_METHOD_MATCH = YES;
				CODE_SIGNING_REQUIRED = NO;
				CODE_SIGN_IDENTITY = "";
				DONT_RUN_SWIFT_STDLIB_TOOL = YES;
				ENABLE_TESTABILITY = YES;
				FRAMEWORK_SEARCH_PATHS = "$(PLATFORM_DIR)/Developer/Library/Frameworks";
				GCC_PREPROCESSOR_DEFINITIONS = "NDEBUG=1";
				GCC_WARN_64_TO_32_BIT_CONVERSION = YES;
				GCC_WARN_ABOUT_RETURN_TYPE = YES;
				GCC_WARN_UNDECLARED_SELECTOR = YES;
				GCC_WARN_UNINITIALIZED_AUTOS = YES;
				GCC_WARN_UNUSED_FUNCTION = YES;
				GCC_WARN_UNUSED_VARIABLE = YES;
				HEADER_SEARCH_PATHS = (
					"$(TULSI_BWRS)",
					"$(TULSI_WR)/bazel-bin",
					"$(TULSI_WR)/bazel-genfiles",
					"$(TULSI_BWRS)/bazel-tulsi-includes/x/x",
				);
				ONLY_ACTIVE_ARCH = YES;
				PYTHONIOENCODING = utf8;
				SDKROOT = iphoneos;
				SWIFT_VERSION = 5.1;
				TULSI_BWRS = "$(PROJECT_FILE_PATH)/.tulsi/tulsi-workspace";
				TULSI_PROJECT = DummyApp;
				TULSI_VERSION = 0.20200219.88;
				TULSI_WR = "${SRCROOT}/..";
			};
			name = Release;
		};
		B9AE930E943BF34E00000001 /* Release */ = {
			isa = XCBuildConfiguration;
			buildSettings = {
				ASSETCATALOG_COMPILER_LAUNCHIMAGE_NAME = "Stub Launch Image";
				BAZEL_TARGET = "//DummyProject:AppMainLib";
				DEBUG_INFORMATION_FORMAT = dwarf;
				GCC_PREPROCESSOR_DEFINITIONS = "NDEBUG=1";
				INFOPLIST_FILE = "${PROJECT_FILE_PATH}/.tulsi/Resources/StubInfoPlist.plist";
				IPHONEOS_DEPLOYMENT_TARGET = 10.0;
				PRODUCT_NAME = AppMainLib;
				SDKROOT = iphoneos;
				TULSI_BUILD_PATH = DummyProject;
				TULSI_XCODE_VERSION = 11.3.1.11C505;
			};
			name = Release;
		};
		B9AE930E943BF34E00000002 /* Release */ = {
			isa = XCBuildConfiguration;
			buildSettings = {
				ASSETCATALOG_COMPILER_LAUNCHIMAGE_NAME = "Stub Launch Image";
				BAZEL_TARGET = "//DummyProject:DummyProject";
				DEBUG_INFORMATION_FORMAT = dwarf;
				GCC_PREPROCESSOR_DEFINITIONS = "NDEBUG=1";
				INFOPLIST_FILE = "${PROJECT_FILE_PATH}/.tulsi/Resources/StubInfoPlist.plist";
				IPHONEOS_DEPLOYMENT_TARGET = 10.0;
				PRODUCT_BUNDLE_IDENTIFIER = "bang.example.ios-app";
				PRODUCT_NAME = DummyProject;
				SDKROOT = iphoneos;
				TULSI_BUILD_PATH = DummyProject;
				TULSI_XCODE_VERSION = 11.3.1.11C505;
			};
			name = Release;
		};
		B9AE930E943BF34E00000003 /* Release */ = {
			isa = XCBuildConfiguration;
			buildSettings = {
				GCC_PREPROCESSOR_DEFINITIONS = "NDEBUG=1";
				HEADER_SEARCH_PATHS = (
					"$(inherited)",
					"$(TULSI_BWRS)/bazel-tulsi-includes/x/x/",
					"$(TULSI_BWRS)/bazel-tulsi-includes/x/x/Kumon/Kumon.modulemaps",
				);
				IPHONEOS_DEPLOYMENT_TARGET = 10.0;
				OTHER_CFLAGS = (
					"-D_FORTIFY_SOURCE=1",
					"-D__DATE__=\"redacted\"",
					"-D__TIMESTAMP__=\"redacted\"",
					"-D__TIME__=\"redacted\"",
				);
				OTHER_SWIFT_FLAGS = "$(inherited) -Xcc -fmodule-map-file=$(TULSI_BWRS)/bazel-tulsi-includes/x/x/Kumon/Kumon.modulemaps/module.modulemap";
				PRODUCT_NAME = _idx_AppMainLib_B5E1E896_ios_min10.0;
				SDKROOT = iphoneos;
				SWIFT_INCLUDE_PATHS = "$(inherited) $(TULSI_BWRS)/bazel-tulsi-includes/x/x/Kumon $(TULSI_BWRS)/bazel-tulsi-includes/x/x/DummyProject";
			};
			name = Release;
		};
		B9AE930EDC0B0C6800000000 /* __TulsiTestRunner_Release */ = {
			isa = XCBuildConfiguration;
			buildSettings = {
				ALWAYS_SEARCH_USER_PATHS = NO;
				CLANG_CXX_LANGUAGE_STANDARD = "gnu++17";
				CLANG_ENABLE_OBJC_ARC = YES;
				CLANG_WARN_BOOL_CONVERSION = YES;
				CLANG_WARN_CONSTANT_CONVERSION = YES;
				CLANG_WARN_EMPTY_BODY = YES;
				CLANG_WARN_ENUM_CONVERSION = YES;
				CLANG_WARN_INT_CONVERSION = YES;
				CLANG_WARN_UNREACHABLE_CODE = YES;
				CLANG_WARN__DUPLICATE_METHOD_MATCH = YES;
				CODE_SIGNING_REQUIRED = NO;
				CODE_SIGN_IDENTITY = "";
				DONT_RUN_SWIFT_STDLIB_TOOL = YES;
				ENABLE_TESTABILITY = YES;
				FRAMEWORK_SEARCH_PATHS = "";
				GCC_PREPROCESSOR_DEFINITIONS = "NDEBUG=1";
				GCC_WARN_64_TO_32_BIT_CONVERSION = YES;
				GCC_WARN_ABOUT_RETURN_TYPE = YES;
				GCC_WARN_UNDECLARED_SELECTOR = YES;
				GCC_WARN_UNINITIALIZED_AUTOS = YES;
				GCC_WARN_UNUSED_FUNCTION = YES;
				GCC_WARN_UNUSED_VARIABLE = YES;
				HEADER_SEARCH_PATHS = "";
				ONLY_ACTIVE_ARCH = YES;
				OTHER_CFLAGS = "--version";
				OTHER_LDFLAGS = "--version";
				OTHER_SWIFT_FLAGS = "--version";
				PYTHONIOENCODING = utf8;
				SDKROOT = iphoneos;
				SWIFT_INSTALL_OBJC_HEADER = NO;
				SWIFT_OBJC_INTERFACE_HEADER_NAME = "$(PRODUCT_NAME).h";
				SWIFT_VERSION = 5.1;
				TULSI_BWRS = "$(PROJECT_FILE_PATH)/.tulsi/tulsi-workspace";
				TULSI_PROJECT = DummyApp;
				TULSI_VERSION = 0.20200219.88;
				TULSI_WR = "${SRCROOT}/..";
			};
			name = __TulsiTestRunner_Release;
		};
		B9AE930EDC0B0C6800000001 /* __TulsiTestRunner_Release */ = {
			isa = XCBuildConfiguration;
			buildSettings = {
				ASSETCATALOG_COMPILER_LAUNCHIMAGE_NAME = "Stub Launch Image";
				BAZEL_TARGET = "//DummyProject:AppMainLib";
				DEBUG_INFORMATION_FORMAT = dwarf;
				FRAMEWORK_SEARCH_PATHS = "";
				GCC_PREPROCESSOR_DEFINITIONS = "NDEBUG=1";
				HEADER_SEARCH_PATHS = "";
				INFOPLIST_FILE = "${PROJECT_FILE_PATH}/.tulsi/Resources/StubInfoPlist.plist";
				IPHONEOS_DEPLOYMENT_TARGET = 10.0;
				ONLY_ACTIVE_ARCH = YES;
				OTHER_CFLAGS = "--version";
				OTHER_LDFLAGS = "--version";
				OTHER_SWIFT_FLAGS = "--version";
				PRODUCT_NAME = AppMainLib;
				SDKROOT = iphoneos;
				SWIFT_INSTALL_OBJC_HEADER = NO;
				SWIFT_OBJC_INTERFACE_HEADER_NAME = "$(PRODUCT_NAME).h";
				TULSI_BUILD_PATH = DummyProject;
				TULSI_XCODE_VERSION = 11.3.1.11C505;
			};
			name = __TulsiTestRunner_Release;
		};
		B9AE930EDC0B0C6800000002 /* __TulsiTestRunner_Release */ = {
			isa = XCBuildConfiguration;
			buildSettings = {
				ASSETCATALOG_COMPILER_LAUNCHIMAGE_NAME = "Stub Launch Image";
				BAZEL_TARGET = "//DummyProject:DummyProject";
				DEBUG_INFORMATION_FORMAT = dwarf;
				FRAMEWORK_SEARCH_PATHS = "";
				GCC_PREPROCESSOR_DEFINITIONS = "NDEBUG=1";
				HEADER_SEARCH_PATHS = "";
				INFOPLIST_FILE = "${PROJECT_FILE_PATH}/.tulsi/Resources/StubInfoPlist.plist";
				IPHONEOS_DEPLOYMENT_TARGET = 10.0;
				ONLY_ACTIVE_ARCH = YES;
				OTHER_CFLAGS = "--version";
				OTHER_LDFLAGS = "--version";
				OTHER_SWIFT_FLAGS = "--version";
				PRODUCT_BUNDLE_IDENTIFIER = "bang.example.ios-app";
				PRODUCT_NAME = DummyProject;
				SDKROOT = iphoneos;
				SWIFT_INSTALL_OBJC_HEADER = NO;
				SWIFT_OBJC_INTERFACE_HEADER_NAME = "$(PRODUCT_NAME).h";
				TULSI_BUILD_PATH = DummyProject;
				TULSI_XCODE_VERSION = 11.3.1.11C505;
			};
			name = __TulsiTestRunner_Release;
		};
/* End XCBuildConfiguration section */

/* Begin XCConfigurationList section */
		766A5B396004CF4500000000 /* Build configuration list for PBXProject "DummyApp" */ = {
			isa = XCConfigurationList;
			buildConfigurations = (
				B9AE930E5ECADCEA00000000 /* Debug */,
				B9AE930E943BF34E00000000 /* Release */,
				B9AE930E8D57CB6B00000000 /* __TulsiTestRunner_Debug */,
				B9AE930EDC0B0C6800000000 /* __TulsiTestRunner_Release */,
			);
			defaultConfigurationIsVisible = 0;
			defaultConfigurationName = Release;
		};
		766A5B397E09BC1200000000 /* Build configuration list for PBXNativeTarget "_idx_AppMainLib_B5E1E896_ios_min10.0" */ = {
			isa = XCConfigurationList;
			buildConfigurations = (
				B9AE930E5ECADCEA00000003 /* Debug */,
				B9AE930E943BF34E00000003 /* Release */,
				5019097C2480F30100150223 /* __TulsiTestRunner_Debug */,
				5019097D2480F30100150223 /* __TulsiTestRunner_Release */,
			);
			defaultConfigurationIsVisible = 0;
			defaultConfigurationName = Release;
		};
		766A5B397EAE77DF00000000 /* Build configuration list for PBXLegacyTarget "_bazel_clean_" */ = {
			isa = XCConfigurationList;
			buildConfigurations = (
				501909782480F30100150223 /* Debug */,
				501909792480F30100150223 /* Release */,
				5019097A2480F30100150223 /* __TulsiTestRunner_Debug */,
				5019097B2480F30100150223 /* __TulsiTestRunner_Release */,
			);
			defaultConfigurationIsVisible = 0;
			defaultConfigurationName = Release;
		};
		766A5B39B38A30E300000000 /* Build configuration list for PBXNativeTarget "DummyProject" */ = {
			isa = XCConfigurationList;
			buildConfigurations = (
				B9AE930E5ECADCEA00000002 /* Debug */,
				B9AE930E943BF34E00000002 /* Release */,
				B9AE930E8D57CB6B00000002 /* __TulsiTestRunner_Debug */,
				B9AE930EDC0B0C6800000002 /* __TulsiTestRunner_Release */,
			);
			defaultConfigurationIsVisible = 0;
			defaultConfigurationName = Release;
		};
		766A5B39D203FFF100000000 /* Build configuration list for PBXNativeTarget "AppMainLib" */ = {
			isa = XCConfigurationList;
			buildConfigurations = (
				B9AE930E5ECADCEA00000001 /* Debug */,
				B9AE930E943BF34E00000001 /* Release */,
				B9AE930E8D57CB6B00000001 /* __TulsiTestRunner_Debug */,
				B9AE930EDC0B0C6800000001 /* __TulsiTestRunner_Release */,
			);
			defaultConfigurationIsVisible = 0;
			defaultConfigurationName = Release;
		};
/* End XCConfigurationList section */
	};
	rootObject = 7C01ADDBEC8E928C00000000 /* Project object */;
}
